// !$*UTF8*$!
{
	archiveVersion = 1;
	classes = {
	};
	objectVersion = 50;
	objects = {

/* Begin PBXBuildFile section */
		290708F42354510700A0DEE9 /* ProfileVC.swift in Sources */ = {isa = PBXBuildFile; fileRef = 290708F32354510700A0DEE9 /* ProfileVC.swift */; };
		290708F62354511200A0DEE9 /* ProfileVM.swift in Sources */ = {isa = PBXBuildFile; fileRef = 290708F52354511200A0DEE9 /* ProfileVM.swift */; };
		2908A084236E9EF500252C8F /* PatientMessageVM.swift in Sources */ = {isa = PBXBuildFile; fileRef = 2908A083236E9EF500252C8F /* PatientMessageVM.swift */; };
		29256CC42392A02D003CC0D8 /* History.swift in Sources */ = {isa = PBXBuildFile; fileRef = 29256CC32392A02D003CC0D8 /* History.swift */; };
		29256CC62392A046003CC0D8 /* HistoryVC.swift in Sources */ = {isa = PBXBuildFile; fileRef = 29256CC52392A046003CC0D8 /* HistoryVC.swift */; };
		29256CC82392A04F003CC0D8 /* HistoryVM.swift in Sources */ = {isa = PBXBuildFile; fileRef = 29256CC72392A04F003CC0D8 /* HistoryVM.swift */; };
		29256CCB2392A067003CC0D8 /* HistoryCell.swift in Sources */ = {isa = PBXBuildFile; fileRef = 29256CCA2392A067003CC0D8 /* HistoryCell.swift */; };
		29256CCD2392ADDB003CC0D8 /* ListHistoryVM.swift in Sources */ = {isa = PBXBuildFile; fileRef = 29256CCC2392ADDB003CC0D8 /* ListHistoryVM.swift */; };
		29256CD02392B399003CC0D8 /* HistoryChatVC.swift in Sources */ = {isa = PBXBuildFile; fileRef = 29256CCF2392B399003CC0D8 /* HistoryChatVC.swift */; };
		29256CD42392B3BC003CC0D8 /* HistoryChatVM.swift in Sources */ = {isa = PBXBuildFile; fileRef = 29256CD32392B3BC003CC0D8 /* HistoryChatVM.swift */; };
		292C853723535F3A00E215A4 /* LoginGuideVC.swift in Sources */ = {isa = PBXBuildFile; fileRef = 292C853623535F3A00E215A4 /* LoginGuideVC.swift */; };
		2935030323645F5D00F0C571 /* RequestOrderVM.swift in Sources */ = {isa = PBXBuildFile; fileRef = 2935030223645F5D00F0C571 /* RequestOrderVM.swift */; };
		293A2727235192480063D107 /* MapVC.swift in Sources */ = {isa = PBXBuildFile; fileRef = 293A2726235192480063D107 /* MapVC.swift */; };
		293A27292351925A0063D107 /* MapVM.swift in Sources */ = {isa = PBXBuildFile; fileRef = 293A27282351925A0063D107 /* MapVM.swift */; };
		293A272B2351AF340063D107 /* Konselor.swift in Sources */ = {isa = PBXBuildFile; fileRef = 293A272A2351AF340063D107 /* Konselor.swift */; };
		293F81EF236DD100001F5436 /* ChatLabel.swift in Sources */ = {isa = PBXBuildFile; fileRef = 293F81EE236DD100001F5436 /* ChatLabel.swift */; };
		293F81F2236DD301001F5436 /* SenderKonselorChatCell.swift in Sources */ = {isa = PBXBuildFile; fileRef = 293F81F1236DD301001F5436 /* SenderKonselorChatCell.swift */; };
		293F81F4236DD3D7001F5436 /* PatientKonselorChatCell.swift in Sources */ = {isa = PBXBuildFile; fileRef = 293F81F3236DD3D7001F5436 /* PatientKonselorChatCell.swift */; };
		2941423D235831440030E227 /* EditProfileVC.swift in Sources */ = {isa = PBXBuildFile; fileRef = 2941423C235831440030E227 /* EditProfileVC.swift */; };
		295669AC234EDF6D00F2E14F /* GoogleService-Info.plist in Resources */ = {isa = PBXBuildFile; fileRef = 295669AB234EDF6D00F2E14F /* GoogleService-Info.plist */; };
		295D260523924D9900197ECE /* RatingVC.swift in Sources */ = {isa = PBXBuildFile; fileRef = 295D260423924D9900197ECE /* RatingVC.swift */; };
		295D260723924DA600197ECE /* RatingVM.swift in Sources */ = {isa = PBXBuildFile; fileRef = 295D260623924DA600197ECE /* RatingVM.swift */; };
		295D260A2392526700197ECE /* RatingStackView.swift in Sources */ = {isa = PBXBuildFile; fileRef = 295D26092392526700197ECE /* RatingStackView.swift */; };
		295E432623A12F6300983103 /* HistoryPatientVC.swift in Sources */ = {isa = PBXBuildFile; fileRef = 295E432523A12F6300983103 /* HistoryPatientVC.swift */; };
		295E65D8236A83440042FEE8 /* ListKonselingVC.swift in Sources */ = {isa = PBXBuildFile; fileRef = 295E65D7236A83440042FEE8 /* ListKonselingVC.swift */; };
		295E65DA236A834F0042FEE8 /* ListKonselingVM.swift in Sources */ = {isa = PBXBuildFile; fileRef = 295E65D9236A834F0042FEE8 /* ListKonselingVM.swift */; };
		295E65DD236A83DA0042FEE8 /* ListKonselingCell.swift in Sources */ = {isa = PBXBuildFile; fileRef = 295E65DC236A83DA0042FEE8 /* ListKonselingCell.swift */; };
		295E75D8234EE37D002612A4 /* SplashVM.swift in Sources */ = {isa = PBXBuildFile; fileRef = 295E75D7234EE37D002612A4 /* SplashVM.swift */; };
		295E75DD234EEC4B002612A4 /* LoginVC.swift in Sources */ = {isa = PBXBuildFile; fileRef = 295E75DC234EEC4B002612A4 /* LoginVC.swift */; };
		295E75DF234EEC56002612A4 /* LoginVM.swift in Sources */ = {isa = PBXBuildFile; fileRef = 295E75DE234EEC56002612A4 /* LoginVM.swift */; };
		295E75E3234EEC72002612A4 /* RegisterVC.swift in Sources */ = {isa = PBXBuildFile; fileRef = 295E75E2234EEC72002612A4 /* RegisterVC.swift */; };
		295E75E5234EEC8C002612A4 /* RegisterVM.swift in Sources */ = {isa = PBXBuildFile; fileRef = 295E75E4234EEC8C002612A4 /* RegisterVM.swift */; };
		295E75E9234F05A2002612A4 /* User.swift in Sources */ = {isa = PBXBuildFile; fileRef = 295E75E8234F05A2002612A4 /* User.swift */; };
		295E75EC234F0C69002612A4 /* DataService.swift in Sources */ = {isa = PBXBuildFile; fileRef = 295E75EB234F0C69002612A4 /* DataService.swift */; };
		295E75F0234F0DA0002612A4 /* Config.swift in Sources */ = {isa = PBXBuildFile; fileRef = 295E75EF234F0DA0002612A4 /* Config.swift */; };
		29604F8423A51C6600829F76 /* HistoryPatientChatVC.swift in Sources */ = {isa = PBXBuildFile; fileRef = 29604F8323A51C6600829F76 /* HistoryPatientChatVC.swift */; };
		296A550A2363F9DD00785EE9 /* OrderKonselingVC.swift in Sources */ = {isa = PBXBuildFile; fileRef = 296A55092363F9DD00785EE9 /* OrderKonselingVC.swift */; };
		296A550C2363F9EA00785EE9 /* OrderKonselingVM.swift in Sources */ = {isa = PBXBuildFile; fileRef = 296A550B2363F9EA00785EE9 /* OrderKonselingVM.swift */; };
		296A550F2363FA0900785EE9 /* KonselingCell.swift in Sources */ = {isa = PBXBuildFile; fileRef = 296A550E2363FA0900785EE9 /* KonselingCell.swift */; };
		296F45C8235222DF009477FA /* DetailKonselorVC.swift in Sources */ = {isa = PBXBuildFile; fileRef = 296F45C7235222DF009477FA /* DetailKonselorVC.swift */; };
		29757F7A2360732F00799CDD /* Order.swift in Sources */ = {isa = PBXBuildFile; fileRef = 29757F792360732F00799CDD /* Order.swift */; };
		297660B9240A735B00980B1A /* DetailAppointmentVC.swift in Sources */ = {isa = PBXBuildFile; fileRef = 297660B8240A735B00980B1A /* DetailAppointmentVC.swift */; };
		29794951236B02FB0064D679 /* KonselingVM.swift in Sources */ = {isa = PBXBuildFile; fileRef = 29794950236B02FB0064D679 /* KonselingVM.swift */; };
		29794956236B17060064D679 /* KonselorChatVC.swift in Sources */ = {isa = PBXBuildFile; fileRef = 29794955236B17060064D679 /* KonselorChatVC.swift */; };
		29794958236B17100064D679 /* KonselorChatVM.swift in Sources */ = {isa = PBXBuildFile; fileRef = 29794957236B17100064D679 /* KonselorChatVM.swift */; };
		2979495A236B21F80064D679 /* ChatRoom.swift in Sources */ = {isa = PBXBuildFile; fileRef = 29794959236B21F80064D679 /* ChatRoom.swift */; };
		298C76D02352D734001DB2C7 /* ListKonselorVC.swift in Sources */ = {isa = PBXBuildFile; fileRef = 298C76CF2352D734001DB2C7 /* ListKonselorVC.swift */; };
		298C76D32352D751001DB2C7 /* ListKonselorCell.swift in Sources */ = {isa = PBXBuildFile; fileRef = 298C76D22352D751001DB2C7 /* ListKonselorCell.swift */; };
		298C76D52352E0BA001DB2C7 /* ListKonselorVM.swift in Sources */ = {isa = PBXBuildFile; fileRef = 298C76D42352E0BA001DB2C7 /* ListKonselorVM.swift */; };
		298C76D72352E1C8001DB2C7 /* BaseVCExtension.swift in Sources */ = {isa = PBXBuildFile; fileRef = 298C76D62352E1C8001DB2C7 /* BaseVCExtension.swift */; };
		2994F2FE234C3B03009CBBF2 /* AppDelegate.swift in Sources */ = {isa = PBXBuildFile; fileRef = 2994F2FD234C3B03009CBBF2 /* AppDelegate.swift */; };
		2994F300234C3B03009CBBF2 /* SceneDelegate.swift in Sources */ = {isa = PBXBuildFile; fileRef = 2994F2FF234C3B03009CBBF2 /* SceneDelegate.swift */; };
		2994F307234C3B03009CBBF2 /* Main.storyboard in Resources */ = {isa = PBXBuildFile; fileRef = 2994F305234C3B03009CBBF2 /* Main.storyboard */; };
		2994F30A234C3B03009CBBF2 /* ShareStory.xcdatamodeld in Sources */ = {isa = PBXBuildFile; fileRef = 2994F308234C3B03009CBBF2 /* ShareStory.xcdatamodeld */; };
		2994F30C234C3B03009CBBF2 /* Assets.xcassets in Resources */ = {isa = PBXBuildFile; fileRef = 2994F30B234C3B03009CBBF2 /* Assets.xcassets */; };
		2994F30F234C3B03009CBBF2 /* LaunchScreen.storyboard in Resources */ = {isa = PBXBuildFile; fileRef = 2994F30D234C3B03009CBBF2 /* LaunchScreen.storyboard */; };
		2994F31A234C3B04009CBBF2 /* ShareStoryTests.swift in Sources */ = {isa = PBXBuildFile; fileRef = 2994F319234C3B04009CBBF2 /* ShareStoryTests.swift */; };
		299D126C2361687D0036A626 /* WelcomeVC.swift in Sources */ = {isa = PBXBuildFile; fileRef = 299D126B2361687D0036A626 /* WelcomeVC.swift */; };
		299D126F23616F930036A626 /* Konselor.storyboard in Resources */ = {isa = PBXBuildFile; fileRef = 299D126E23616F930036A626 /* Konselor.storyboard */; };
		299D1276236171760036A626 /* KonselorLoginVC.swift in Sources */ = {isa = PBXBuildFile; fileRef = 299D1275236171760036A626 /* KonselorLoginVC.swift */; };
		299D1278236171940036A626 /* KonselorLoginVM.swift in Sources */ = {isa = PBXBuildFile; fileRef = 299D1277236171940036A626 /* KonselorLoginVM.swift */; };
		29A03326239CACA6008B642C /* KonselorProfileVC.swift in Sources */ = {isa = PBXBuildFile; fileRef = 29A03325239CACA6008B642C /* KonselorProfileVC.swift */; };
		29A69EEC236032CF0067968B /* OrderVC.swift in Sources */ = {isa = PBXBuildFile; fileRef = 29A69EEB236032CF0067968B /* OrderVC.swift */; };
		29A69EEE236032E00067968B /* OrderVM.swift in Sources */ = {isa = PBXBuildFile; fileRef = 29A69EED236032E00067968B /* OrderVM.swift */; };
		29AB059F239367BF0085C9C7 /* BookingVC.swift in Sources */ = {isa = PBXBuildFile; fileRef = 29AB059E239367BF0085C9C7 /* BookingVC.swift */; };
		29AB05A1239367CA0085C9C7 /* BookingVM.swift in Sources */ = {isa = PBXBuildFile; fileRef = 29AB05A0239367CA0085C9C7 /* BookingVM.swift */; };
		29AB05A42393680B0085C9C7 /* BookingCell.swift in Sources */ = {isa = PBXBuildFile; fileRef = 29AB05A32393680B0085C9C7 /* BookingCell.swift */; };
		29AB05AB2393D9E00085C9C7 /* AppointmentVC.swift in Sources */ = {isa = PBXBuildFile; fileRef = 29AB05AA2393D9E00085C9C7 /* AppointmentVC.swift */; };
		29AB05B02393DA620085C9C7 /* ListAppointmentVM.swift in Sources */ = {isa = PBXBuildFile; fileRef = 29AB05AF2393DA620085C9C7 /* ListAppointmentVM.swift */; };
		29AB05B32393DC190085C9C7 /* AppointmentCell.swift in Sources */ = {isa = PBXBuildFile; fileRef = 29AB05B22393DC190085C9C7 /* AppointmentCell.swift */; };
		29B542F4239F4EE1000CDA6E /* KonselorAppointmentVC.swift in Sources */ = {isa = PBXBuildFile; fileRef = 29B542F3239F4EE1000CDA6E /* KonselorAppointmentVC.swift */; };
		29B542F6239F4EEF000CDA6E /* KonselorAppointmentVM.swift in Sources */ = {isa = PBXBuildFile; fileRef = 29B542F5239F4EEF000CDA6E /* KonselorAppointmentVM.swift */; };
		29B542F9239F4F1F000CDA6E /* KonselorAppointmentCell.swift in Sources */ = {isa = PBXBuildFile; fileRef = 29B542F8239F4F1F000CDA6E /* KonselorAppointmentCell.swift */; };
		29B542FB239F5034000CDA6E /* AppointmentVM.swift in Sources */ = {isa = PBXBuildFile; fileRef = 29B542FA239F5034000CDA6E /* AppointmentVM.swift */; };
		29BC5122236DEBB7000774F5 /* Message.swift in Sources */ = {isa = PBXBuildFile; fileRef = 29BC5121236DEBB7000774F5 /* Message.swift */; };
		29BE9DEF238772F100E24485 /* ChatVC.swift in Sources */ = {isa = PBXBuildFile; fileRef = 29BE9DEE238772F100E24485 /* ChatVC.swift */; };
		29BE9DF12387730000E24485 /* ChatVM.swift in Sources */ = {isa = PBXBuildFile; fileRef = 29BE9DF02387730000E24485 /* ChatVM.swift */; };
		29BE9DF32387792500E24485 /* ChatPatientCell.swift in Sources */ = {isa = PBXBuildFile; fileRef = 29BE9DF22387792500E24485 /* ChatPatientCell.swift */; };
		29BE9DF52387793300E24485 /* ChatKonselorCell.swift in Sources */ = {isa = PBXBuildFile; fileRef = 29BE9DF42387793300E24485 /* ChatKonselorCell.swift */; };
		29BE9DF723877A2C00E24485 /* KonselorMessageVM.swift in Sources */ = {isa = PBXBuildFile; fileRef = 29BE9DF623877A2C00E24485 /* KonselorMessageVM.swift */; };
		29D7640D23A48A6E00759790 /* KonselorHistoryCell.swift in Sources */ = {isa = PBXBuildFile; fileRef = 29D7640C23A48A6E00759790 /* KonselorHistoryCell.swift */; };
		29D81F6923654FB500B75A99 /* DetailOrderKonselingVC.swift in Sources */ = {isa = PBXBuildFile; fileRef = 29D81F6823654FB500B75A99 /* DetailOrderKonselingVC.swift */; };
		29FF4A2E234D53800043AE81 /* SplashVC.swift in Sources */ = {isa = PBXBuildFile; fileRef = 29FF4A2D234D53800043AE81 /* SplashVC.swift */; };
		C3EB2D643E196804C329515A /* libPods-ShareStory.a in Frameworks */ = {isa = PBXBuildFile; fileRef = D387AFEE920174258DEE5AD0 /* libPods-ShareStory.a */; };
		E1DE526DD013690FF57139F2 /* libPods-ShareStoryTests.a in Frameworks */ = {isa = PBXBuildFile; fileRef = 5EAF09DFCDF3B20C278AAD5F /* libPods-ShareStoryTests.a */; };
/* End PBXBuildFile section */

/* Begin PBXContainerItemProxy section */
		2994F316234C3B04009CBBF2 /* PBXContainerItemProxy */ = {
			isa = PBXContainerItemProxy;
			containerPortal = 2994F2F2234C3B03009CBBF2 /* Project object */;
			proxyType = 1;
			remoteGlobalIDString = 2994F2F9234C3B03009CBBF2;
			remoteInfo = ShareStory;
		};
/* End PBXContainerItemProxy section */

/* Begin PBXFileReference section */
		290708F32354510700A0DEE9 /* ProfileVC.swift */ = {isa = PBXFileReference; lastKnownFileType = sourcecode.swift; path = ProfileVC.swift; sourceTree = "<group>"; };
		290708F52354511200A0DEE9 /* ProfileVM.swift */ = {isa = PBXFileReference; lastKnownFileType = sourcecode.swift; path = ProfileVM.swift; sourceTree = "<group>"; };
		2908A083236E9EF500252C8F /* PatientMessageVM.swift */ = {isa = PBXFileReference; lastKnownFileType = sourcecode.swift; path = PatientMessageVM.swift; sourceTree = "<group>"; };
		29256CC32392A02D003CC0D8 /* History.swift */ = {isa = PBXFileReference; lastKnownFileType = sourcecode.swift; path = History.swift; sourceTree = "<group>"; };
		29256CC52392A046003CC0D8 /* HistoryVC.swift */ = {isa = PBXFileReference; lastKnownFileType = sourcecode.swift; path = HistoryVC.swift; sourceTree = "<group>"; };
		29256CC72392A04F003CC0D8 /* HistoryVM.swift */ = {isa = PBXFileReference; lastKnownFileType = sourcecode.swift; path = HistoryVM.swift; sourceTree = "<group>"; };
		29256CCA2392A067003CC0D8 /* HistoryCell.swift */ = {isa = PBXFileReference; lastKnownFileType = sourcecode.swift; path = HistoryCell.swift; sourceTree = "<group>"; };
		29256CCC2392ADDB003CC0D8 /* ListHistoryVM.swift */ = {isa = PBXFileReference; lastKnownFileType = sourcecode.swift; path = ListHistoryVM.swift; sourceTree = "<group>"; };
		29256CCF2392B399003CC0D8 /* HistoryChatVC.swift */ = {isa = PBXFileReference; lastKnownFileType = sourcecode.swift; path = HistoryChatVC.swift; sourceTree = "<group>"; };
		29256CD32392B3BC003CC0D8 /* HistoryChatVM.swift */ = {isa = PBXFileReference; lastKnownFileType = sourcecode.swift; path = HistoryChatVM.swift; sourceTree = "<group>"; };
		292C853623535F3A00E215A4 /* LoginGuideVC.swift */ = {isa = PBXFileReference; lastKnownFileType = sourcecode.swift; path = LoginGuideVC.swift; sourceTree = "<group>"; };
		2935030223645F5D00F0C571 /* RequestOrderVM.swift */ = {isa = PBXFileReference; lastKnownFileType = sourcecode.swift; path = RequestOrderVM.swift; sourceTree = "<group>"; };
		293A2726235192480063D107 /* MapVC.swift */ = {isa = PBXFileReference; lastKnownFileType = sourcecode.swift; path = MapVC.swift; sourceTree = "<group>"; };
		293A27282351925A0063D107 /* MapVM.swift */ = {isa = PBXFileReference; lastKnownFileType = sourcecode.swift; path = MapVM.swift; sourceTree = "<group>"; };
		293A272A2351AF340063D107 /* Konselor.swift */ = {isa = PBXFileReference; lastKnownFileType = sourcecode.swift; path = Konselor.swift; sourceTree = "<group>"; };
		293F81EE236DD100001F5436 /* ChatLabel.swift */ = {isa = PBXFileReference; lastKnownFileType = sourcecode.swift; path = ChatLabel.swift; sourceTree = "<group>"; };
		293F81F1236DD301001F5436 /* SenderKonselorChatCell.swift */ = {isa = PBXFileReference; lastKnownFileType = sourcecode.swift; path = SenderKonselorChatCell.swift; sourceTree = "<group>"; };
		293F81F3236DD3D7001F5436 /* PatientKonselorChatCell.swift */ = {isa = PBXFileReference; lastKnownFileType = sourcecode.swift; path = PatientKonselorChatCell.swift; sourceTree = "<group>"; };
		2941423C235831440030E227 /* EditProfileVC.swift */ = {isa = PBXFileReference; lastKnownFileType = sourcecode.swift; path = EditProfileVC.swift; sourceTree = "<group>"; };
		295669AB234EDF6D00F2E14F /* GoogleService-Info.plist */ = {isa = PBXFileReference; fileEncoding = 4; lastKnownFileType = text.plist.xml; path = "GoogleService-Info.plist"; sourceTree = "<group>"; };
		295D260423924D9900197ECE /* RatingVC.swift */ = {isa = PBXFileReference; lastKnownFileType = sourcecode.swift; path = RatingVC.swift; sourceTree = "<group>"; };
		295D260623924DA600197ECE /* RatingVM.swift */ = {isa = PBXFileReference; lastKnownFileType = sourcecode.swift; path = RatingVM.swift; sourceTree = "<group>"; };
		295D26092392526700197ECE /* RatingStackView.swift */ = {isa = PBXFileReference; lastKnownFileType = sourcecode.swift; path = RatingStackView.swift; sourceTree = "<group>"; };
		295E432523A12F6300983103 /* HistoryPatientVC.swift */ = {isa = PBXFileReference; lastKnownFileType = sourcecode.swift; path = HistoryPatientVC.swift; sourceTree = "<group>"; };
		295E65D7236A83440042FEE8 /* ListKonselingVC.swift */ = {isa = PBXFileReference; lastKnownFileType = sourcecode.swift; path = ListKonselingVC.swift; sourceTree = "<group>"; };
		295E65D9236A834F0042FEE8 /* ListKonselingVM.swift */ = {isa = PBXFileReference; lastKnownFileType = sourcecode.swift; path = ListKonselingVM.swift; sourceTree = "<group>"; };
		295E65DC236A83DA0042FEE8 /* ListKonselingCell.swift */ = {isa = PBXFileReference; lastKnownFileType = sourcecode.swift; path = ListKonselingCell.swift; sourceTree = "<group>"; };
		295E75D7234EE37D002612A4 /* SplashVM.swift */ = {isa = PBXFileReference; indentWidth = 3; lastKnownFileType = sourcecode.swift; path = SplashVM.swift; sourceTree = "<group>"; tabWidth = 3; };
		295E75DC234EEC4B002612A4 /* LoginVC.swift */ = {isa = PBXFileReference; lastKnownFileType = sourcecode.swift; path = LoginVC.swift; sourceTree = "<group>"; };
		295E75DE234EEC56002612A4 /* LoginVM.swift */ = {isa = PBXFileReference; lastKnownFileType = sourcecode.swift; path = LoginVM.swift; sourceTree = "<group>"; };
		295E75E2234EEC72002612A4 /* RegisterVC.swift */ = {isa = PBXFileReference; lastKnownFileType = sourcecode.swift; path = RegisterVC.swift; sourceTree = "<group>"; };
		295E75E4234EEC8C002612A4 /* RegisterVM.swift */ = {isa = PBXFileReference; lastKnownFileType = sourcecode.swift; path = RegisterVM.swift; sourceTree = "<group>"; };
		295E75E8234F05A2002612A4 /* User.swift */ = {isa = PBXFileReference; lastKnownFileType = sourcecode.swift; path = User.swift; sourceTree = "<group>"; };
		295E75EB234F0C69002612A4 /* DataService.swift */ = {isa = PBXFileReference; indentWidth = 2; lastKnownFileType = sourcecode.swift; path = DataService.swift; sourceTree = "<group>"; tabWidth = 2; };
		295E75EF234F0DA0002612A4 /* Config.swift */ = {isa = PBXFileReference; lastKnownFileType = sourcecode.swift; path = Config.swift; sourceTree = "<group>"; };
		29604F8323A51C6600829F76 /* HistoryPatientChatVC.swift */ = {isa = PBXFileReference; lastKnownFileType = sourcecode.swift; path = HistoryPatientChatVC.swift; sourceTree = "<group>"; };
		296A55092363F9DD00785EE9 /* OrderKonselingVC.swift */ = {isa = PBXFileReference; lastKnownFileType = sourcecode.swift; path = OrderKonselingVC.swift; sourceTree = "<group>"; };
		296A550B2363F9EA00785EE9 /* OrderKonselingVM.swift */ = {isa = PBXFileReference; lastKnownFileType = sourcecode.swift; path = OrderKonselingVM.swift; sourceTree = "<group>"; };
		296A550E2363FA0900785EE9 /* KonselingCell.swift */ = {isa = PBXFileReference; lastKnownFileType = sourcecode.swift; path = KonselingCell.swift; sourceTree = "<group>"; };
		296F45C7235222DF009477FA /* DetailKonselorVC.swift */ = {isa = PBXFileReference; lastKnownFileType = sourcecode.swift; path = DetailKonselorVC.swift; sourceTree = "<group>"; };
		29757F792360732F00799CDD /* Order.swift */ = {isa = PBXFileReference; lastKnownFileType = sourcecode.swift; path = Order.swift; sourceTree = "<group>"; };
		297660B8240A735B00980B1A /* DetailAppointmentVC.swift */ = {isa = PBXFileReference; lastKnownFileType = sourcecode.swift; path = DetailAppointmentVC.swift; sourceTree = "<group>"; };
		29794950236B02FB0064D679 /* KonselingVM.swift */ = {isa = PBXFileReference; lastKnownFileType = sourcecode.swift; path = KonselingVM.swift; sourceTree = "<group>"; };
		29794955236B17060064D679 /* KonselorChatVC.swift */ = {isa = PBXFileReference; lastKnownFileType = sourcecode.swift; path = KonselorChatVC.swift; sourceTree = "<group>"; };
		29794957236B17100064D679 /* KonselorChatVM.swift */ = {isa = PBXFileReference; lastKnownFileType = sourcecode.swift; path = KonselorChatVM.swift; sourceTree = "<group>"; };
		29794959236B21F80064D679 /* ChatRoom.swift */ = {isa = PBXFileReference; lastKnownFileType = sourcecode.swift; path = ChatRoom.swift; sourceTree = "<group>"; };
		298C76CF2352D734001DB2C7 /* ListKonselorVC.swift */ = {isa = PBXFileReference; lastKnownFileType = sourcecode.swift; path = ListKonselorVC.swift; sourceTree = "<group>"; };
		298C76D22352D751001DB2C7 /* ListKonselorCell.swift */ = {isa = PBXFileReference; lastKnownFileType = sourcecode.swift; path = ListKonselorCell.swift; sourceTree = "<group>"; };
		298C76D42352E0BA001DB2C7 /* ListKonselorVM.swift */ = {isa = PBXFileReference; lastKnownFileType = sourcecode.swift; path = ListKonselorVM.swift; sourceTree = "<group>"; };
		298C76D62352E1C8001DB2C7 /* BaseVCExtension.swift */ = {isa = PBXFileReference; lastKnownFileType = sourcecode.swift; path = BaseVCExtension.swift; sourceTree = "<group>"; };
		2994F2FA234C3B03009CBBF2 /* ShareStory.app */ = {isa = PBXFileReference; explicitFileType = wrapper.application; includeInIndex = 0; path = ShareStory.app; sourceTree = BUILT_PRODUCTS_DIR; };
		2994F2FD234C3B03009CBBF2 /* AppDelegate.swift */ = {isa = PBXFileReference; lastKnownFileType = sourcecode.swift; path = AppDelegate.swift; sourceTree = "<group>"; };
		2994F2FF234C3B03009CBBF2 /* SceneDelegate.swift */ = {isa = PBXFileReference; lastKnownFileType = sourcecode.swift; path = SceneDelegate.swift; sourceTree = "<group>"; };
		2994F306234C3B03009CBBF2 /* Base */ = {isa = PBXFileReference; lastKnownFileType = file.storyboard; name = Base; path = Base.lproj/Main.storyboard; sourceTree = "<group>"; };
		2994F309234C3B03009CBBF2 /* ShareStory.xcdatamodel */ = {isa = PBXFileReference; lastKnownFileType = wrapper.xcdatamodel; path = ShareStory.xcdatamodel; sourceTree = "<group>"; };
		2994F30B234C3B03009CBBF2 /* Assets.xcassets */ = {isa = PBXFileReference; lastKnownFileType = folder.assetcatalog; path = Assets.xcassets; sourceTree = "<group>"; };
		2994F30E234C3B03009CBBF2 /* Base */ = {isa = PBXFileReference; lastKnownFileType = file.storyboard; name = Base; path = Base.lproj/LaunchScreen.storyboard; sourceTree = "<group>"; };
		2994F310234C3B03009CBBF2 /* Info.plist */ = {isa = PBXFileReference; lastKnownFileType = text.plist.xml; path = Info.plist; sourceTree = "<group>"; };
		2994F315234C3B04009CBBF2 /* ShareStoryTests.xctest */ = {isa = PBXFileReference; explicitFileType = wrapper.cfbundle; includeInIndex = 0; path = ShareStoryTests.xctest; sourceTree = BUILT_PRODUCTS_DIR; };
		2994F319234C3B04009CBBF2 /* ShareStoryTests.swift */ = {isa = PBXFileReference; lastKnownFileType = sourcecode.swift; path = ShareStoryTests.swift; sourceTree = "<group>"; };
		2994F31B234C3B04009CBBF2 /* Info.plist */ = {isa = PBXFileReference; lastKnownFileType = text.plist.xml; path = Info.plist; sourceTree = "<group>"; };
		299D126B2361687D0036A626 /* WelcomeVC.swift */ = {isa = PBXFileReference; lastKnownFileType = sourcecode.swift; path = WelcomeVC.swift; sourceTree = "<group>"; };
		299D126E23616F930036A626 /* Konselor.storyboard */ = {isa = PBXFileReference; lastKnownFileType = file.storyboard; path = Konselor.storyboard; sourceTree = "<group>"; };
		299D1275236171760036A626 /* KonselorLoginVC.swift */ = {isa = PBXFileReference; lastKnownFileType = sourcecode.swift; path = KonselorLoginVC.swift; sourceTree = "<group>"; };
		299D1277236171940036A626 /* KonselorLoginVM.swift */ = {isa = PBXFileReference; lastKnownFileType = sourcecode.swift; path = KonselorLoginVM.swift; sourceTree = "<group>"; };
		29A03325239CACA6008B642C /* KonselorProfileVC.swift */ = {isa = PBXFileReference; lastKnownFileType = sourcecode.swift; path = KonselorProfileVC.swift; sourceTree = "<group>"; };
		29A69EEB236032CF0067968B /* OrderVC.swift */ = {isa = PBXFileReference; lastKnownFileType = sourcecode.swift; path = OrderVC.swift; sourceTree = "<group>"; };
		29A69EED236032E00067968B /* OrderVM.swift */ = {isa = PBXFileReference; lastKnownFileType = sourcecode.swift; path = OrderVM.swift; sourceTree = "<group>"; };
		29AB059E239367BF0085C9C7 /* BookingVC.swift */ = {isa = PBXFileReference; lastKnownFileType = sourcecode.swift; path = BookingVC.swift; sourceTree = "<group>"; };
		29AB05A0239367CA0085C9C7 /* BookingVM.swift */ = {isa = PBXFileReference; lastKnownFileType = sourcecode.swift; path = BookingVM.swift; sourceTree = "<group>"; };
		29AB05A32393680B0085C9C7 /* BookingCell.swift */ = {isa = PBXFileReference; lastKnownFileType = sourcecode.swift; path = BookingCell.swift; sourceTree = "<group>"; };
		29AB05AA2393D9E00085C9C7 /* AppointmentVC.swift */ = {isa = PBXFileReference; lastKnownFileType = sourcecode.swift; path = AppointmentVC.swift; sourceTree = "<group>"; };
		29AB05AF2393DA620085C9C7 /* ListAppointmentVM.swift */ = {isa = PBXFileReference; lastKnownFileType = sourcecode.swift; path = ListAppointmentVM.swift; sourceTree = "<group>"; };
		29AB05B22393DC190085C9C7 /* AppointmentCell.swift */ = {isa = PBXFileReference; lastKnownFileType = sourcecode.swift; path = AppointmentCell.swift; sourceTree = "<group>"; };
		29B542F3239F4EE1000CDA6E /* KonselorAppointmentVC.swift */ = {isa = PBXFileReference; lastKnownFileType = sourcecode.swift; path = KonselorAppointmentVC.swift; sourceTree = "<group>"; };
		29B542F5239F4EEF000CDA6E /* KonselorAppointmentVM.swift */ = {isa = PBXFileReference; lastKnownFileType = sourcecode.swift; path = KonselorAppointmentVM.swift; sourceTree = "<group>"; };
		29B542F8239F4F1F000CDA6E /* KonselorAppointmentCell.swift */ = {isa = PBXFileReference; lastKnownFileType = sourcecode.swift; path = KonselorAppointmentCell.swift; sourceTree = "<group>"; };
		29B542FA239F5034000CDA6E /* AppointmentVM.swift */ = {isa = PBXFileReference; lastKnownFileType = sourcecode.swift; path = AppointmentVM.swift; sourceTree = "<group>"; };
		29BC5121236DEBB7000774F5 /* Message.swift */ = {isa = PBXFileReference; lastKnownFileType = sourcecode.swift; path = Message.swift; sourceTree = "<group>"; };
		29BE9DEE238772F100E24485 /* ChatVC.swift */ = {isa = PBXFileReference; lastKnownFileType = sourcecode.swift; path = ChatVC.swift; sourceTree = "<group>"; };
		29BE9DF02387730000E24485 /* ChatVM.swift */ = {isa = PBXFileReference; lastKnownFileType = sourcecode.swift; path = ChatVM.swift; sourceTree = "<group>"; };
		29BE9DF22387792500E24485 /* ChatPatientCell.swift */ = {isa = PBXFileReference; lastKnownFileType = sourcecode.swift; path = ChatPatientCell.swift; sourceTree = "<group>"; };
		29BE9DF42387793300E24485 /* ChatKonselorCell.swift */ = {isa = PBXFileReference; lastKnownFileType = sourcecode.swift; path = ChatKonselorCell.swift; sourceTree = "<group>"; };
		29BE9DF623877A2C00E24485 /* KonselorMessageVM.swift */ = {isa = PBXFileReference; lastKnownFileType = sourcecode.swift; path = KonselorMessageVM.swift; sourceTree = "<group>"; };
		29D7640C23A48A6E00759790 /* KonselorHistoryCell.swift */ = {isa = PBXFileReference; lastKnownFileType = sourcecode.swift; path = KonselorHistoryCell.swift; sourceTree = "<group>"; };
		29D81F6823654FB500B75A99 /* DetailOrderKonselingVC.swift */ = {isa = PBXFileReference; lastKnownFileType = sourcecode.swift; path = DetailOrderKonselingVC.swift; sourceTree = "<group>"; };
		29FF4A2D234D53800043AE81 /* SplashVC.swift */ = {isa = PBXFileReference; indentWidth = 3; lastKnownFileType = sourcecode.swift; path = SplashVC.swift; sourceTree = "<group>"; tabWidth = 3; };
		3718A352D644BF34BA561DC5 /* Pods-ShareStory.release.xcconfig */ = {isa = PBXFileReference; includeInIndex = 1; lastKnownFileType = text.xcconfig; name = "Pods-ShareStory.release.xcconfig"; path = "Target Support Files/Pods-ShareStory/Pods-ShareStory.release.xcconfig"; sourceTree = "<group>"; };
		3BBBB8DA54789D3D6DCD0985 /* Pods-ShareStoryTests.release.xcconfig */ = {isa = PBXFileReference; includeInIndex = 1; lastKnownFileType = text.xcconfig; name = "Pods-ShareStoryTests.release.xcconfig"; path = "Target Support Files/Pods-ShareStoryTests/Pods-ShareStoryTests.release.xcconfig"; sourceTree = "<group>"; };
		5EAF09DFCDF3B20C278AAD5F /* libPods-ShareStoryTests.a */ = {isa = PBXFileReference; explicitFileType = archive.ar; includeInIndex = 0; path = "libPods-ShareStoryTests.a"; sourceTree = BUILT_PRODUCTS_DIR; };
		740B2DEC8ACCACA73B47047D /* Pods-ShareStoryTests.debug.xcconfig */ = {isa = PBXFileReference; includeInIndex = 1; lastKnownFileType = text.xcconfig; name = "Pods-ShareStoryTests.debug.xcconfig"; path = "Target Support Files/Pods-ShareStoryTests/Pods-ShareStoryTests.debug.xcconfig"; sourceTree = "<group>"; };
		99C31584FE6978ED9390905D /* Pods-ShareStory.debug.xcconfig */ = {isa = PBXFileReference; includeInIndex = 1; lastKnownFileType = text.xcconfig; name = "Pods-ShareStory.debug.xcconfig"; path = "Target Support Files/Pods-ShareStory/Pods-ShareStory.debug.xcconfig"; sourceTree = "<group>"; };
		D387AFEE920174258DEE5AD0 /* libPods-ShareStory.a */ = {isa = PBXFileReference; explicitFileType = archive.ar; includeInIndex = 0; path = "libPods-ShareStory.a"; sourceTree = BUILT_PRODUCTS_DIR; };
/* End PBXFileReference section */

/* Begin PBXFrameworksBuildPhase section */
		2994F2F7234C3B03009CBBF2 /* Frameworks */ = {
			isa = PBXFrameworksBuildPhase;
			buildActionMask = 2147483647;
			files = (
				C3EB2D643E196804C329515A /* libPods-ShareStory.a in Frameworks */,
			);
			runOnlyForDeploymentPostprocessing = 0;
		};
		2994F312234C3B04009CBBF2 /* Frameworks */ = {
			isa = PBXFrameworksBuildPhase;
			buildActionMask = 2147483647;
			files = (
				E1DE526DD013690FF57139F2 /* libPods-ShareStoryTests.a in Frameworks */,
			);
			runOnlyForDeploymentPostprocessing = 0;
		};
/* End PBXFrameworksBuildPhase section */

/* Begin PBXGroup section */
		1A67ABC0DE6E31B68768A2F4 /* Frameworks */ = {
			isa = PBXGroup;
			children = (
				D387AFEE920174258DEE5AD0 /* libPods-ShareStory.a */,
				5EAF09DFCDF3B20C278AAD5F /* libPods-ShareStoryTests.a */,
			);
			name = Frameworks;
			sourceTree = "<group>";
		};
		290708F0235450DE00A0DEE9 /* ProfileScreen */ = {
			isa = PBXGroup;
			children = (
				290708F2235450F500A0DEE9 /* ViewModel */,
				290708F1235450EF00A0DEE9 /* ViewController */,
			);
			path = ProfileScreen;
			sourceTree = "<group>";
		};
		290708F1235450EF00A0DEE9 /* ViewController */ = {
			isa = PBXGroup;
			children = (
				290708F32354510700A0DEE9 /* ProfileVC.swift */,
			);
			path = ViewController;
			sourceTree = "<group>";
		};
		290708F2235450F500A0DEE9 /* ViewModel */ = {
			isa = PBXGroup;
			children = (
				290708F52354511200A0DEE9 /* ProfileVM.swift */,
			);
			path = ViewModel;
			sourceTree = "<group>";
		};
		290FF1FF2397F51B001478AE /* ProfileScreen */ = {
			isa = PBXGroup;
			children = (
				290FF2012397F52C001478AE /* ViewModel */,
				290FF2002397F526001478AE /* ViewController */,
			);
			path = ProfileScreen;
			sourceTree = "<group>";
		};
		290FF2002397F526001478AE /* ViewController */ = {
			isa = PBXGroup;
			children = (
				29A03325239CACA6008B642C /* KonselorProfileVC.swift */,
			);
			path = ViewController;
			sourceTree = "<group>";
		};
		290FF2012397F52C001478AE /* ViewModel */ = {
			isa = PBXGroup;
			children = (
			);
			path = ViewModel;
			sourceTree = "<group>";
		};
		29256CC02392A008003CC0D8 /* HistoryOrderScreen */ = {
			isa = PBXGroup;
			children = (
				29256CC92392A055003CC0D8 /* Cell */,
				29256CC22392A01D003CC0D8 /* ViewModel */,
				29256CC12392A017003CC0D8 /* ViewController */,
			);
			path = HistoryOrderScreen;
			sourceTree = "<group>";
		};
		29256CC12392A017003CC0D8 /* ViewController */ = {
			isa = PBXGroup;
			children = (
				29256CC52392A046003CC0D8 /* HistoryVC.swift */,
			);
			path = ViewController;
			sourceTree = "<group>";
		};
		29256CC22392A01D003CC0D8 /* ViewModel */ = {
			isa = PBXGroup;
			children = (
				29256CC72392A04F003CC0D8 /* HistoryVM.swift */,
				29256CCC2392ADDB003CC0D8 /* ListHistoryVM.swift */,
			);
			path = ViewModel;
			sourceTree = "<group>";
		};
		29256CC92392A055003CC0D8 /* Cell */ = {
			isa = PBXGroup;
			children = (
				29256CCA2392A067003CC0D8 /* HistoryCell.swift */,
			);
			path = Cell;
			sourceTree = "<group>";
		};
		29256CCE2392B381003CC0D8 /* HistoryChatScreen */ = {
			isa = PBXGroup;
			children = (
				29256CD22392B3AB003CC0D8 /* ViewModel */,
				29256CD12392B39F003CC0D8 /* ViewController */,
			);
			path = HistoryChatScreen;
			sourceTree = "<group>";
		};
		29256CD12392B39F003CC0D8 /* ViewController */ = {
			isa = PBXGroup;
			children = (
				29256CCF2392B399003CC0D8 /* HistoryChatVC.swift */,
			);
			path = ViewController;
			sourceTree = "<group>";
		};
		29256CD22392B3AB003CC0D8 /* ViewModel */ = {
			isa = PBXGroup;
			children = (
				29256CD32392B3BC003CC0D8 /* HistoryChatVM.swift */,
			);
			path = ViewModel;
			sourceTree = "<group>";
		};
		292C853523535F2500E215A4 /* LoginGuideScreen */ = {
			isa = PBXGroup;
			children = (
				292C853623535F3A00E215A4 /* LoginGuideVC.swift */,
			);
			path = LoginGuideScreen;
			sourceTree = "<group>";
		};
		293A2724235192310063D107 /* ViewController */ = {
			isa = PBXGroup;
			children = (
				293A2726235192480063D107 /* MapVC.swift */,
			);
			path = ViewController;
			sourceTree = "<group>";
		};
		293A27252351923A0063D107 /* ViewModel */ = {
			isa = PBXGroup;
			children = (
				293A27282351925A0063D107 /* MapVM.swift */,
			);
			path = ViewModel;
			sourceTree = "<group>";
		};
		293F81F0236DD2F0001F5436 /* Cell */ = {
			isa = PBXGroup;
			children = (
				293F81F1236DD301001F5436 /* SenderKonselorChatCell.swift */,
				293F81F3236DD3D7001F5436 /* PatientKonselorChatCell.swift */,
			);
			path = Cell;
			sourceTree = "<group>";
		};
		29414239235831210030E227 /* EditProfileScreen */ = {
			isa = PBXGroup;
			children = (
				2941423A2358312A0030E227 /* ViewController */,
			);
			path = EditProfileScreen;
			sourceTree = "<group>";
		};
		2941423A2358312A0030E227 /* ViewController */ = {
			isa = PBXGroup;
			children = (
				2941423C235831440030E227 /* EditProfileVC.swift */,
			);
			path = ViewController;
			sourceTree = "<group>";
		};
		295D260123924D7100197ECE /* RatingScreen */ = {
			isa = PBXGroup;
			children = (
				295D26082392524100197ECE /* CustomView */,
				295D260323924D8100197ECE /* ViewModel */,
				295D260223924D7B00197ECE /* ViewController */,
			);
			path = RatingScreen;
			sourceTree = "<group>";
		};
		295D260223924D7B00197ECE /* ViewController */ = {
			isa = PBXGroup;
			children = (
				295D260423924D9900197ECE /* RatingVC.swift */,
			);
			path = ViewController;
			sourceTree = "<group>";
		};
		295D260323924D8100197ECE /* ViewModel */ = {
			isa = PBXGroup;
			children = (
				295D260623924DA600197ECE /* RatingVM.swift */,
			);
			path = ViewModel;
			sourceTree = "<group>";
		};
		295D26082392524100197ECE /* CustomView */ = {
			isa = PBXGroup;
			children = (
				295D26092392526700197ECE /* RatingStackView.swift */,
			);
			path = CustomView;
			sourceTree = "<group>";
		};
		295E65D4236A82C80042FEE8 /* ListKonseling */ = {
			isa = PBXGroup;
			children = (
				295E65DB236A83C80042FEE8 /* Cell */,
				295E65D6236A82F10042FEE8 /* ViewModel */,
				295E65D5236A82EB0042FEE8 /* ViewController */,
			);
			path = ListKonseling;
			sourceTree = "<group>";
		};
		295E65D5236A82EB0042FEE8 /* ViewController */ = {
			isa = PBXGroup;
			children = (
				295E65D7236A83440042FEE8 /* ListKonselingVC.swift */,
			);
			path = ViewController;
			sourceTree = "<group>";
		};
		295E65D6236A82F10042FEE8 /* ViewModel */ = {
			isa = PBXGroup;
			children = (
				295E65D9236A834F0042FEE8 /* ListKonselingVM.swift */,
				29794950236B02FB0064D679 /* KonselingVM.swift */,
			);
			path = ViewModel;
			sourceTree = "<group>";
		};
		295E65DB236A83C80042FEE8 /* Cell */ = {
			isa = PBXGroup;
			children = (
				295E65DC236A83DA0042FEE8 /* ListKonselingCell.swift */,
			);
			path = Cell;
			sourceTree = "<group>";
		};
		295E75D5234EE35F002612A4 /* ViewController */ = {
			isa = PBXGroup;
			children = (
				29FF4A2D234D53800043AE81 /* SplashVC.swift */,
			);
			path = ViewController;
			sourceTree = "<group>";
		};
		295E75D6234EE367002612A4 /* ViewModel */ = {
			isa = PBXGroup;
			children = (
				295E75D7234EE37D002612A4 /* SplashVM.swift */,
			);
			path = ViewModel;
			sourceTree = "<group>";
		};
		295E75DA234EEC35002612A4 /* ViewController */ = {
			isa = PBXGroup;
			children = (
				295E75DC234EEC4B002612A4 /* LoginVC.swift */,
			);
			path = ViewController;
			sourceTree = "<group>";
		};
		295E75DB234EEC3C002612A4 /* ViewModel */ = {
			isa = PBXGroup;
			children = (
				295E75DE234EEC56002612A4 /* LoginVM.swift */,
			);
			path = ViewModel;
			sourceTree = "<group>";
		};
		295E75E0234EEC5B002612A4 /* ViewController */ = {
			isa = PBXGroup;
			children = (
				295E75E2234EEC72002612A4 /* RegisterVC.swift */,
			);
			path = ViewController;
			sourceTree = "<group>";
		};
		295E75E1234EEC64002612A4 /* ViewModel */ = {
			isa = PBXGroup;
			children = (
				295E75E4234EEC8C002612A4 /* RegisterVM.swift */,
			);
			path = ViewModel;
			sourceTree = "<group>";
		};
		295E75E7234F0583002612A4 /* Model */ = {
			isa = PBXGroup;
			children = (
				295E75E8234F05A2002612A4 /* User.swift */,
				293A272A2351AF340063D107 /* Konselor.swift */,
				29757F792360732F00799CDD /* Order.swift */,
				29794959236B21F80064D679 /* ChatRoom.swift */,
				29BC5121236DEBB7000774F5 /* Message.swift */,
				29256CC32392A02D003CC0D8 /* History.swift */,
			);
			path = Model;
			sourceTree = "<group>";
		};
		295E75EA234F0C59002612A4 /* Service */ = {
			isa = PBXGroup;
			children = (
				295E75EB234F0C69002612A4 /* DataService.swift */,
				295E75EF234F0DA0002612A4 /* Config.swift */,
			);
			path = Service;
			sourceTree = "<group>";
		};
		296A55062363F1FA00785EE9 /* RequestKonselingScreen */ = {
			isa = PBXGroup;
			children = (
				296A550D2363F9F600785EE9 /* Cell */,
				296A55082363F9C600785EE9 /* ViewModel */,
				296A55072363F9BE00785EE9 /* ViewController */,
			);
			path = RequestKonselingScreen;
			sourceTree = "<group>";
		};
		296A55072363F9BE00785EE9 /* ViewController */ = {
			isa = PBXGroup;
			children = (
				296A55092363F9DD00785EE9 /* OrderKonselingVC.swift */,
				29D81F6823654FB500B75A99 /* DetailOrderKonselingVC.swift */,
				295E432523A12F6300983103 /* HistoryPatientVC.swift */,
				29604F8323A51C6600829F76 /* HistoryPatientChatVC.swift */,
			);
			path = ViewController;
			sourceTree = "<group>";
		};
		296A55082363F9C600785EE9 /* ViewModel */ = {
			isa = PBXGroup;
			children = (
				296A550B2363F9EA00785EE9 /* OrderKonselingVM.swift */,
				2935030223645F5D00F0C571 /* RequestOrderVM.swift */,
			);
			path = ViewModel;
			sourceTree = "<group>";
		};
		296A550D2363F9F600785EE9 /* Cell */ = {
			isa = PBXGroup;
			children = (
				296A550E2363FA0900785EE9 /* KonselingCell.swift */,
				29D7640C23A48A6E00759790 /* KonselorHistoryCell.swift */,
			);
			path = Cell;
			sourceTree = "<group>";
		};
		296F45C4235222B7009477FA /* DetailKonselorScreen */ = {
			isa = PBXGroup;
			children = (
				296F45C5235222C8009477FA /* ViewController */,
			);
			path = DetailKonselorScreen;
			sourceTree = "<group>";
		};
		296F45C5235222C8009477FA /* ViewController */ = {
			isa = PBXGroup;
			children = (
				296F45C7235222DF009477FA /* DetailKonselorVC.swift */,
			);
			path = ViewController;
			sourceTree = "<group>";
		};
		29794952236B16E50064D679 /* ChatScreen */ = {
			isa = PBXGroup;
			children = (
				293F81F0236DD2F0001F5436 /* Cell */,
				29794954236B16F20064D679 /* ViewModel */,
				29794953236B16EC0064D679 /* ViewController */,
			);
			path = ChatScreen;
			sourceTree = "<group>";
		};
		29794953236B16EC0064D679 /* ViewController */ = {
			isa = PBXGroup;
			children = (
				29794955236B17060064D679 /* KonselorChatVC.swift */,
			);
			path = ViewController;
			sourceTree = "<group>";
		};
		29794954236B16F20064D679 /* ViewModel */ = {
			isa = PBXGroup;
			children = (
				29794957236B17100064D679 /* KonselorChatVM.swift */,
				2908A083236E9EF500252C8F /* PatientMessageVM.swift */,
			);
			path = ViewModel;
			sourceTree = "<group>";
		};
		298C76CC2352D714001DB2C7 /* ListKonselorScreen */ = {
			isa = PBXGroup;
			children = (
				298C76D12352D73D001DB2C7 /* View */,
				298C76CE2352D722001DB2C7 /* ViewModel */,
				298C76CD2352D71C001DB2C7 /* ViewController */,
			);
			path = ListKonselorScreen;
			sourceTree = "<group>";
		};
		298C76CD2352D71C001DB2C7 /* ViewController */ = {
			isa = PBXGroup;
			children = (
				298C76CF2352D734001DB2C7 /* ListKonselorVC.swift */,
			);
			path = ViewController;
			sourceTree = "<group>";
		};
		298C76CE2352D722001DB2C7 /* ViewModel */ = {
			isa = PBXGroup;
			children = (
				298C76D42352E0BA001DB2C7 /* ListKonselorVM.swift */,
			);
			path = ViewModel;
			sourceTree = "<group>";
		};
		298C76D12352D73D001DB2C7 /* View */ = {
			isa = PBXGroup;
			children = (
				298C76D22352D751001DB2C7 /* ListKonselorCell.swift */,
			);
			path = View;
			sourceTree = "<group>";
		};
		2994F2F1234C3B03009CBBF2 = {
			isa = PBXGroup;
			children = (
				2994F2FC234C3B03009CBBF2 /* ShareStory */,
				2994F318234C3B04009CBBF2 /* ShareStoryTests */,
				2994F2FB234C3B03009CBBF2 /* Products */,
				82784BF89C0E2EDE5F1CFA54 /* Pods */,
				1A67ABC0DE6E31B68768A2F4 /* Frameworks */,
			);
			sourceTree = "<group>";
		};
		2994F2FB234C3B03009CBBF2 /* Products */ = {
			isa = PBXGroup;
			children = (
				2994F2FA234C3B03009CBBF2 /* ShareStory.app */,
				2994F315234C3B04009CBBF2 /* ShareStoryTests.xctest */,
			);
			name = Products;
			sourceTree = "<group>";
		};
		2994F2FC234C3B03009CBBF2 /* ShareStory */ = {
			isa = PBXGroup;
			children = (
				299D126D23616F7D0036A626 /* StoryBoards */,
				295E75EA234F0C59002612A4 /* Service */,
				295E75E7234F0583002612A4 /* Model */,
				29FF4A2A234D535B0043AE81 /* Features */,
				29FF4A29234D534A0043AE81 /* Base */,
				2994F30B234C3B03009CBBF2 /* Assets.xcassets */,
				2994F310234C3B03009CBBF2 /* Info.plist */,
				2994F308234C3B03009CBBF2 /* ShareStory.xcdatamodeld */,
				295669AB234EDF6D00F2E14F /* GoogleService-Info.plist */,
			);
			path = ShareStory;
			sourceTree = "<group>";
		};
		2994F318234C3B04009CBBF2 /* ShareStoryTests */ = {
			isa = PBXGroup;
			children = (
				2994F319234C3B04009CBBF2 /* ShareStoryTests.swift */,
				2994F31B234C3B04009CBBF2 /* Info.plist */,
			);
			path = ShareStoryTests;
			sourceTree = "<group>";
		};
		299D126A236168690036A626 /* WelcomeScreen */ = {
			isa = PBXGroup;
			children = (
				299D126B2361687D0036A626 /* WelcomeVC.swift */,
			);
			path = WelcomeScreen;
			sourceTree = "<group>";
		};
		299D126D23616F7D0036A626 /* StoryBoards */ = {
			isa = PBXGroup;
			children = (
				2994F305234C3B03009CBBF2 /* Main.storyboard */,
				299D126E23616F930036A626 /* Konselor.storyboard */,
			);
			path = StoryBoards;
			sourceTree = "<group>";
		};
		299D127023616FB00036A626 /* UserFeatures */ = {
			isa = PBXGroup;
			children = (
				299D126A236168690036A626 /* WelcomeScreen */,
				292C853523535F2500E215A4 /* LoginGuideScreen */,
				29EC0CA7234D94D10091C126 /* AuthScreen */,
				29EC0CA6234D94BC0091C126 /* MainScreen */,
				29FF4A2B234D53660043AE81 /* SplashScreen */,
			);
			path = UserFeatures;
			sourceTree = "<group>";
		};
		299D127123616FB90036A626 /* KonselorFeatures */ = {
			isa = PBXGroup;
			children = (
				29B542F0239F4EB6000CDA6E /* AppointmentScreen */,
				290FF1FF2397F51B001478AE /* ProfileScreen */,
				29794952236B16E50064D679 /* ChatScreen */,
				295E65D4236A82C80042FEE8 /* ListKonseling */,
				296A55062363F1FA00785EE9 /* RequestKonselingScreen */,
				299D127223616FD00036A626 /* LoginScreen */,
			);
			path = KonselorFeatures;
			sourceTree = "<group>";
		};
		299D127223616FD00036A626 /* LoginScreen */ = {
			isa = PBXGroup;
			children = (
				299D1274236171670036A626 /* ViewModel */,
				299D1273236171610036A626 /* ViewController */,
			);
			path = LoginScreen;
			sourceTree = "<group>";
		};
		299D1273236171610036A626 /* ViewController */ = {
			isa = PBXGroup;
			children = (
				299D1275236171760036A626 /* KonselorLoginVC.swift */,
			);
			path = ViewController;
			sourceTree = "<group>";
		};
		299D1274236171670036A626 /* ViewModel */ = {
			isa = PBXGroup;
			children = (
				299D1277236171940036A626 /* KonselorLoginVM.swift */,
			);
			path = ViewModel;
			sourceTree = "<group>";
		};
		29A69EE8236032A90067968B /* OrderScreen */ = {
			isa = PBXGroup;
			children = (
				29A69EEA236032C10067968B /* ViewModel */,
				29A69EE9236032B90067968B /* ViewController */,
			);
			path = OrderScreen;
			sourceTree = "<group>";
		};
		29A69EE9236032B90067968B /* ViewController */ = {
			isa = PBXGroup;
			children = (
				29A69EEB236032CF0067968B /* OrderVC.swift */,
			);
			path = ViewController;
			sourceTree = "<group>";
		};
		29A69EEA236032C10067968B /* ViewModel */ = {
			isa = PBXGroup;
			children = (
				29A69EED236032E00067968B /* OrderVM.swift */,
			);
			path = ViewModel;
			sourceTree = "<group>";
		};
		29AB059B2393679D0085C9C7 /* BookingScreen */ = {
			isa = PBXGroup;
			children = (
				29AB05A2239367D80085C9C7 /* Cell */,
				29AB059D239367AC0085C9C7 /* ViewModel */,
				29AB059C239367A60085C9C7 /* ViewController */,
			);
			path = BookingScreen;
			sourceTree = "<group>";
		};
		29AB059C239367A60085C9C7 /* ViewController */ = {
			isa = PBXGroup;
			children = (
				29AB059E239367BF0085C9C7 /* BookingVC.swift */,
			);
			path = ViewController;
			sourceTree = "<group>";
		};
		29AB059D239367AC0085C9C7 /* ViewModel */ = {
			isa = PBXGroup;
			children = (
				29AB05A0239367CA0085C9C7 /* BookingVM.swift */,
			);
			path = ViewModel;
			sourceTree = "<group>";
		};
		29AB05A2239367D80085C9C7 /* Cell */ = {
			isa = PBXGroup;
			children = (
				29AB05A32393680B0085C9C7 /* BookingCell.swift */,
			);
			path = Cell;
			sourceTree = "<group>";
		};
		29AB05A72393D9BB0085C9C7 /* AppointmentScreen */ = {
			isa = PBXGroup;
			children = (
				29AB05B12393DC0B0085C9C7 /* Cell */,
				29AB05A92393D9D10085C9C7 /* ViewModel */,
				29AB05A82393D9CB0085C9C7 /* ViewController */,
			);
			path = AppointmentScreen;
			sourceTree = "<group>";
		};
		29AB05A82393D9CB0085C9C7 /* ViewController */ = {
			isa = PBXGroup;
			children = (
				29AB05AA2393D9E00085C9C7 /* AppointmentVC.swift */,
				297660B8240A735B00980B1A /* DetailAppointmentVC.swift */,
			);
			path = ViewController;
			sourceTree = "<group>";
		};
		29AB05A92393D9D10085C9C7 /* ViewModel */ = {
			isa = PBXGroup;
			children = (
				29AB05AF2393DA620085C9C7 /* ListAppointmentVM.swift */,
			);
			path = ViewModel;
			sourceTree = "<group>";
		};
		29AB05B12393DC0B0085C9C7 /* Cell */ = {
			isa = PBXGroup;
			children = (
				29AB05B22393DC190085C9C7 /* AppointmentCell.swift */,
			);
			path = Cell;
			sourceTree = "<group>";
		};
		29B542F0239F4EB6000CDA6E /* AppointmentScreen */ = {
			isa = PBXGroup;
			children = (
				29B542F7239F4F0C000CDA6E /* Cell */,
				29B542F2239F4ECF000CDA6E /* ViewModel */,
				29B542F1239F4EC7000CDA6E /* ViewController */,
			);
			path = AppointmentScreen;
			sourceTree = "<group>";
		};
		29B542F1239F4EC7000CDA6E /* ViewController */ = {
			isa = PBXGroup;
			children = (
				29B542F3239F4EE1000CDA6E /* KonselorAppointmentVC.swift */,
			);
			path = ViewController;
			sourceTree = "<group>";
		};
		29B542F2239F4ECF000CDA6E /* ViewModel */ = {
			isa = PBXGroup;
			children = (
				29B542F5239F4EEF000CDA6E /* KonselorAppointmentVM.swift */,
				29B542FA239F5034000CDA6E /* AppointmentVM.swift */,
			);
			path = ViewModel;
			sourceTree = "<group>";
		};
		29B542F7239F4F0C000CDA6E /* Cell */ = {
			isa = PBXGroup;
			children = (
				29B542F8239F4F1F000CDA6E /* KonselorAppointmentCell.swift */,
			);
			path = Cell;
			sourceTree = "<group>";
		};
		29BE9DEB238772CD00E24485 /* ViewController */ = {
			isa = PBXGroup;
			children = (
				29BE9DEE238772F100E24485 /* ChatVC.swift */,
			);
			path = ViewController;
			sourceTree = "<group>";
		};
		29BE9DEC238772D400E24485 /* ViewModel */ = {
			isa = PBXGroup;
			children = (
				29BE9DF02387730000E24485 /* ChatVM.swift */,
				29BE9DF623877A2C00E24485 /* KonselorMessageVM.swift */,
			);
			path = ViewModel;
			sourceTree = "<group>";
		};
		29BE9DED238772DF00E24485 /* Cell */ = {
			isa = PBXGroup;
			children = (
				29BE9DF22387792500E24485 /* ChatPatientCell.swift */,
				29BE9DF42387793300E24485 /* ChatKonselorCell.swift */,
			);
			path = Cell;
			sourceTree = "<group>";
		};
		29EC0CA6234D94BC0091C126 /* MainScreen */ = {
			isa = PBXGroup;
			children = (
				29AB05A72393D9BB0085C9C7 /* AppointmentScreen */,
				29AB059B2393679D0085C9C7 /* BookingScreen */,
				29256CCE2392B381003CC0D8 /* HistoryChatScreen */,
				29256CC02392A008003CC0D8 /* HistoryOrderScreen */,
				295D260123924D7100197ECE /* RatingScreen */,
				29A69EE8236032A90067968B /* OrderScreen */,
				29414239235831210030E227 /* EditProfileScreen */,
				290708F0235450DE00A0DEE9 /* ProfileScreen */,
				298C76CC2352D714001DB2C7 /* ListKonselorScreen */,
				296F45C4235222B7009477FA /* DetailKonselorScreen */,
				29FF4A30234D63790043AE81 /* ChatScreen */,
				29FF4A2F234D636C0043AE81 /* MapScreen */,
			);
			path = MainScreen;
			sourceTree = "<group>";
		};
		29EC0CA7234D94D10091C126 /* AuthScreen */ = {
			isa = PBXGroup;
			children = (
				29EC0CA9234D94E20091C126 /* RegisterScreen */,
				29EC0CA8234D94D90091C126 /* LoginScreen */,
			);
			path = AuthScreen;
			sourceTree = "<group>";
		};
		29EC0CA8234D94D90091C126 /* LoginScreen */ = {
			isa = PBXGroup;
			children = (
				295E75DB234EEC3C002612A4 /* ViewModel */,
				295E75DA234EEC35002612A4 /* ViewController */,
			);
			path = LoginScreen;
			sourceTree = "<group>";
		};
		29EC0CA9234D94E20091C126 /* RegisterScreen */ = {
			isa = PBXGroup;
			children = (
				295E75E1234EEC64002612A4 /* ViewModel */,
				295E75E0234EEC5B002612A4 /* ViewController */,
			);
			path = RegisterScreen;
			sourceTree = "<group>";
		};
		29FF4A29234D534A0043AE81 /* Base */ = {
			isa = PBXGroup;
			children = (
				2994F2FD234C3B03009CBBF2 /* AppDelegate.swift */,
				2994F2FF234C3B03009CBBF2 /* SceneDelegate.swift */,
				2994F30D234C3B03009CBBF2 /* LaunchScreen.storyboard */,
				298C76D62352E1C8001DB2C7 /* BaseVCExtension.swift */,
				293F81EE236DD100001F5436 /* ChatLabel.swift */,
			);
			path = Base;
			sourceTree = "<group>";
		};
		29FF4A2A234D535B0043AE81 /* Features */ = {
			isa = PBXGroup;
			children = (
				299D127123616FB90036A626 /* KonselorFeatures */,
				299D127023616FB00036A626 /* UserFeatures */,
			);
			path = Features;
			sourceTree = "<group>";
		};
		29FF4A2B234D53660043AE81 /* SplashScreen */ = {
			isa = PBXGroup;
			children = (
				295E75D6234EE367002612A4 /* ViewModel */,
				295E75D5234EE35F002612A4 /* ViewController */,
			);
			path = SplashScreen;
			sourceTree = "<group>";
		};
		29FF4A2F234D636C0043AE81 /* MapScreen */ = {
			isa = PBXGroup;
			children = (
				293A27252351923A0063D107 /* ViewModel */,
				293A2724235192310063D107 /* ViewController */,
			);
			path = MapScreen;
			sourceTree = "<group>";
		};
		29FF4A30234D63790043AE81 /* ChatScreen */ = {
			isa = PBXGroup;
			children = (
				29BE9DED238772DF00E24485 /* Cell */,
				29BE9DEC238772D400E24485 /* ViewModel */,
				29BE9DEB238772CD00E24485 /* ViewController */,
			);
			path = ChatScreen;
			sourceTree = "<group>";
		};
		82784BF89C0E2EDE5F1CFA54 /* Pods */ = {
			isa = PBXGroup;
			children = (
				99C31584FE6978ED9390905D /* Pods-ShareStory.debug.xcconfig */,
				3718A352D644BF34BA561DC5 /* Pods-ShareStory.release.xcconfig */,
				740B2DEC8ACCACA73B47047D /* Pods-ShareStoryTests.debug.xcconfig */,
				3BBBB8DA54789D3D6DCD0985 /* Pods-ShareStoryTests.release.xcconfig */,
			);
			path = Pods;
			sourceTree = "<group>";
		};
/* End PBXGroup section */

/* Begin PBXNativeTarget section */
		2994F2F9234C3B03009CBBF2 /* ShareStory */ = {
			isa = PBXNativeTarget;
			buildConfigurationList = 2994F31E234C3B04009CBBF2 /* Build configuration list for PBXNativeTarget "ShareStory" */;
			buildPhases = (
				A89BCC05E68B56CE0BF9A7BC /* [CP] Check Pods Manifest.lock */,
				2994F2F6234C3B03009CBBF2 /* Sources */,
				2994F2F7234C3B03009CBBF2 /* Frameworks */,
				2994F2F8234C3B03009CBBF2 /* Resources */,
			);
			buildRules = (
			);
			dependencies = (
			);
			name = ShareStory;
			productName = ShareStory;
			productReference = 2994F2FA234C3B03009CBBF2 /* ShareStory.app */;
			productType = "com.apple.product-type.application";
		};
		2994F314234C3B04009CBBF2 /* ShareStoryTests */ = {
			isa = PBXNativeTarget;
			buildConfigurationList = 2994F321234C3B04009CBBF2 /* Build configuration list for PBXNativeTarget "ShareStoryTests" */;
			buildPhases = (
				0F5706F936390DAC31722341 /* [CP] Check Pods Manifest.lock */,
				2994F311234C3B04009CBBF2 /* Sources */,
				2994F312234C3B04009CBBF2 /* Frameworks */,
				2994F313234C3B04009CBBF2 /* Resources */,
			);
			buildRules = (
			);
			dependencies = (
				2994F317234C3B04009CBBF2 /* PBXTargetDependency */,
			);
			name = ShareStoryTests;
			productName = ShareStoryTests;
			productReference = 2994F315234C3B04009CBBF2 /* ShareStoryTests.xctest */;
			productType = "com.apple.product-type.bundle.unit-test";
		};
/* End PBXNativeTarget section */

/* Begin PBXProject section */
		2994F2F2234C3B03009CBBF2 /* Project object */ = {
			isa = PBXProject;
			attributes = {
				LastSwiftUpdateCheck = 1100;
				LastUpgradeCheck = 1100;
				ORGANIZATIONNAME = "BCC FILKOM";
				TargetAttributes = {
					2994F2F9234C3B03009CBBF2 = {
						CreatedOnToolsVersion = 11.0;
					};
					2994F314234C3B04009CBBF2 = {
						CreatedOnToolsVersion = 11.0;
						TestTargetID = 2994F2F9234C3B03009CBBF2;
					};
				};
			};
			buildConfigurationList = 2994F2F5234C3B03009CBBF2 /* Build configuration list for PBXProject "ShareStory" */;
			compatibilityVersion = "Xcode 9.3";
			developmentRegion = en;
			hasScannedForEncodings = 0;
			knownRegions = (
				en,
				Base,
			);
			mainGroup = 2994F2F1234C3B03009CBBF2;
			productRefGroup = 2994F2FB234C3B03009CBBF2 /* Products */;
			projectDirPath = "";
			projectRoot = "";
			targets = (
				2994F2F9234C3B03009CBBF2 /* ShareStory */,
				2994F314234C3B04009CBBF2 /* ShareStoryTests */,
			);
		};
/* End PBXProject section */

/* Begin PBXResourcesBuildPhase section */
		2994F2F8234C3B03009CBBF2 /* Resources */ = {
			isa = PBXResourcesBuildPhase;
			buildActionMask = 2147483647;
			files = (
				2994F30F234C3B03009CBBF2 /* LaunchScreen.storyboard in Resources */,
				299D126F23616F930036A626 /* Konselor.storyboard in Resources */,
				295669AC234EDF6D00F2E14F /* GoogleService-Info.plist in Resources */,
				2994F30C234C3B03009CBBF2 /* Assets.xcassets in Resources */,
				2994F307234C3B03009CBBF2 /* Main.storyboard in Resources */,
			);
			runOnlyForDeploymentPostprocessing = 0;
		};
		2994F313234C3B04009CBBF2 /* Resources */ = {
			isa = PBXResourcesBuildPhase;
			buildActionMask = 2147483647;
			files = (
			);
			runOnlyForDeploymentPostprocessing = 0;
		};
/* End PBXResourcesBuildPhase section */

/* Begin PBXShellScriptBuildPhase section */
		0F5706F936390DAC31722341 /* [CP] Check Pods Manifest.lock */ = {
			isa = PBXShellScriptBuildPhase;
			buildActionMask = 2147483647;
			files = (
			);
			inputFileListPaths = (
			);
			inputPaths = (
				"${PODS_PODFILE_DIR_PATH}/Podfile.lock",
				"${PODS_ROOT}/Manifest.lock",
			);
			name = "[CP] Check Pods Manifest.lock";
			outputFileListPaths = (
			);
			outputPaths = (
				"$(DERIVED_FILE_DIR)/Pods-ShareStoryTests-checkManifestLockResult.txt",
			);
			runOnlyForDeploymentPostprocessing = 0;
			shellPath = /bin/sh;
			shellScript = "diff \"${PODS_PODFILE_DIR_PATH}/Podfile.lock\" \"${PODS_ROOT}/Manifest.lock\" > /dev/null\nif [ $? != 0 ] ; then\n    # print error to STDERR\n    echo \"error: The sandbox is not in sync with the Podfile.lock. Run 'pod install' or update your CocoaPods installation.\" >&2\n    exit 1\nfi\n# This output is used by Xcode 'outputs' to avoid re-running this script phase.\necho \"SUCCESS\" > \"${SCRIPT_OUTPUT_FILE_0}\"\n";
			showEnvVarsInLog = 0;
		};
		A89BCC05E68B56CE0BF9A7BC /* [CP] Check Pods Manifest.lock */ = {
			isa = PBXShellScriptBuildPhase;
			buildActionMask = 2147483647;
			files = (
			);
			inputFileListPaths = (
			);
			inputPaths = (
				"${PODS_PODFILE_DIR_PATH}/Podfile.lock",
				"${PODS_ROOT}/Manifest.lock",
			);
			name = "[CP] Check Pods Manifest.lock";
			outputFileListPaths = (
			);
			outputPaths = (
				"$(DERIVED_FILE_DIR)/Pods-ShareStory-checkManifestLockResult.txt",
			);
			runOnlyForDeploymentPostprocessing = 0;
			shellPath = /bin/sh;
			shellScript = "diff \"${PODS_PODFILE_DIR_PATH}/Podfile.lock\" \"${PODS_ROOT}/Manifest.lock\" > /dev/null\nif [ $? != 0 ] ; then\n    # print error to STDERR\n    echo \"error: The sandbox is not in sync with the Podfile.lock. Run 'pod install' or update your CocoaPods installation.\" >&2\n    exit 1\nfi\n# This output is used by Xcode 'outputs' to avoid re-running this script phase.\necho \"SUCCESS\" > \"${SCRIPT_OUTPUT_FILE_0}\"\n";
			showEnvVarsInLog = 0;
		};
/* End PBXShellScriptBuildPhase section */

/* Begin PBXSourcesBuildPhase section */
		2994F2F6234C3B03009CBBF2 /* Sources */ = {
			isa = PBXSourcesBuildPhase;
			buildActionMask = 2147483647;
			files = (
				29BE9DEF238772F100E24485 /* ChatVC.swift in Sources */,
				2994F30A234C3B03009CBBF2 /* ShareStory.xcdatamodeld in Sources */,
				29256CC42392A02D003CC0D8 /* History.swift in Sources */,
				296A550F2363FA0900785EE9 /* KonselingCell.swift in Sources */,
				295E75EC234F0C69002612A4 /* DataService.swift in Sources */,
				295E65D8236A83440042FEE8 /* ListKonselingVC.swift in Sources */,
				298C76D02352D734001DB2C7 /* ListKonselorVC.swift in Sources */,
				29BE9DF52387793300E24485 /* ChatKonselorCell.swift in Sources */,
				2908A084236E9EF500252C8F /* PatientMessageVM.swift in Sources */,
				29BE9DF32387792500E24485 /* ChatPatientCell.swift in Sources */,
				296A550A2363F9DD00785EE9 /* OrderKonselingVC.swift in Sources */,
				295E75F0234F0DA0002612A4 /* Config.swift in Sources */,
				295E75DD234EEC4B002612A4 /* LoginVC.swift in Sources */,
				29256CD42392B3BC003CC0D8 /* HistoryChatVM.swift in Sources */,
				2994F2FE234C3B03009CBBF2 /* AppDelegate.swift in Sources */,
				295D260723924DA600197ECE /* RatingVM.swift in Sources */,
				29AB05B02393DA620085C9C7 /* ListAppointmentVM.swift in Sources */,
				29256CC82392A04F003CC0D8 /* HistoryVM.swift in Sources */,
				29B542F6239F4EEF000CDA6E /* KonselorAppointmentVM.swift in Sources */,
				29B542FB239F5034000CDA6E /* AppointmentVM.swift in Sources */,
				293A27292351925A0063D107 /* MapVM.swift in Sources */,
				29B542F9239F4F1F000CDA6E /* KonselorAppointmentCell.swift in Sources */,
				296F45C8235222DF009477FA /* DetailKonselorVC.swift in Sources */,
				29BE9DF723877A2C00E24485 /* KonselorMessageVM.swift in Sources */,
				29256CCD2392ADDB003CC0D8 /* ListHistoryVM.swift in Sources */,
				29AB059F239367BF0085C9C7 /* BookingVC.swift in Sources */,
				29AB05A1239367CA0085C9C7 /* BookingVM.swift in Sources */,
				295E75E5234EEC8C002612A4 /* RegisterVM.swift in Sources */,
				293A272B2351AF340063D107 /* Konselor.swift in Sources */,
				293F81F2236DD301001F5436 /* SenderKonselorChatCell.swift in Sources */,
				29AB05B32393DC190085C9C7 /* AppointmentCell.swift in Sources */,
				298C76D52352E0BA001DB2C7 /* ListKonselorVM.swift in Sources */,
				293F81F4236DD3D7001F5436 /* PatientKonselorChatCell.swift in Sources */,
				2935030323645F5D00F0C571 /* RequestOrderVM.swift in Sources */,
				29BC5122236DEBB7000774F5 /* Message.swift in Sources */,
				295E65DA236A834F0042FEE8 /* ListKonselingVM.swift in Sources */,
				29B542F4239F4EE1000CDA6E /* KonselorAppointmentVC.swift in Sources */,
				29604F8423A51C6600829F76 /* HistoryPatientChatVC.swift in Sources */,
				295E75DF234EEC56002612A4 /* LoginVM.swift in Sources */,
				29D81F6923654FB500B75A99 /* DetailOrderKonselingVC.swift in Sources */,
				29256CD02392B399003CC0D8 /* HistoryChatVC.swift in Sources */,
				29BE9DF12387730000E24485 /* ChatVM.swift in Sources */,
				293F81EF236DD100001F5436 /* ChatLabel.swift in Sources */,
				29AB05AB2393D9E00085C9C7 /* AppointmentVC.swift in Sources */,
				295E432623A12F6300983103 /* HistoryPatientVC.swift in Sources */,
				2979495A236B21F80064D679 /* ChatRoom.swift in Sources */,
				29757F7A2360732F00799CDD /* Order.swift in Sources */,
				290708F62354511200A0DEE9 /* ProfileVM.swift in Sources */,
				2994F300234C3B03009CBBF2 /* SceneDelegate.swift in Sources */,
				29256CCB2392A067003CC0D8 /* HistoryCell.swift in Sources */,
				29794958236B17100064D679 /* KonselorChatVM.swift in Sources */,
				293A2727235192480063D107 /* MapVC.swift in Sources */,
				295E75E9234F05A2002612A4 /* User.swift in Sources */,
				298C76D72352E1C8001DB2C7 /* BaseVCExtension.swift in Sources */,
				297660B9240A735B00980B1A /* DetailAppointmentVC.swift in Sources */,
				29794956236B17060064D679 /* KonselorChatVC.swift in Sources */,
				295E65DD236A83DA0042FEE8 /* ListKonselingCell.swift in Sources */,
				29A69EEE236032E00067968B /* OrderVM.swift in Sources */,
				299D126C2361687D0036A626 /* WelcomeVC.swift in Sources */,
				292C853723535F3A00E215A4 /* LoginGuideVC.swift in Sources */,
				295E75D8234EE37D002612A4 /* SplashVM.swift in Sources */,
				29A03326239CACA6008B642C /* KonselorProfileVC.swift in Sources */,
				29794951236B02FB0064D679 /* KonselingVM.swift in Sources */,
				29A69EEC236032CF0067968B /* OrderVC.swift in Sources */,
				29256CC62392A046003CC0D8 /* HistoryVC.swift in Sources */,
				299D1276236171760036A626 /* KonselorLoginVC.swift in Sources */,
				296A550C2363F9EA00785EE9 /* OrderKonselingVM.swift in Sources */,
				29AB05A42393680B0085C9C7 /* BookingCell.swift in Sources */,
				29FF4A2E234D53800043AE81 /* SplashVC.swift in Sources */,
				298C76D32352D751001DB2C7 /* ListKonselorCell.swift in Sources */,
				290708F42354510700A0DEE9 /* ProfileVC.swift in Sources */,
				29D7640D23A48A6E00759790 /* KonselorHistoryCell.swift in Sources */,
				295D260523924D9900197ECE /* RatingVC.swift in Sources */,
				2941423D235831440030E227 /* EditProfileVC.swift in Sources */,
				295E75E3234EEC72002612A4 /* RegisterVC.swift in Sources */,
				295D260A2392526700197ECE /* RatingStackView.swift in Sources */,
				299D1278236171940036A626 /* KonselorLoginVM.swift in Sources */,
			);
			runOnlyForDeploymentPostprocessing = 0;
		};
		2994F311234C3B04009CBBF2 /* Sources */ = {
			isa = PBXSourcesBuildPhase;
			buildActionMask = 2147483647;
			files = (
				2994F31A234C3B04009CBBF2 /* ShareStoryTests.swift in Sources */,
			);
			runOnlyForDeploymentPostprocessing = 0;
		};
/* End PBXSourcesBuildPhase section */

/* Begin PBXTargetDependency section */
		2994F317234C3B04009CBBF2 /* PBXTargetDependency */ = {
			isa = PBXTargetDependency;
			target = 2994F2F9234C3B03009CBBF2 /* ShareStory */;
			targetProxy = 2994F316234C3B04009CBBF2 /* PBXContainerItemProxy */;
		};
/* End PBXTargetDependency section */

/* Begin PBXVariantGroup section */
		2994F305234C3B03009CBBF2 /* Main.storyboard */ = {
			isa = PBXVariantGroup;
			children = (
				2994F306234C3B03009CBBF2 /* Base */,
			);
			name = Main.storyboard;
			sourceTree = "<group>";
		};
		2994F30D234C3B03009CBBF2 /* LaunchScreen.storyboard */ = {
			isa = PBXVariantGroup;
			children = (
				2994F30E234C3B03009CBBF2 /* Base */,
			);
			name = LaunchScreen.storyboard;
			sourceTree = "<group>";
		};
/* End PBXVariantGroup section */

/* Begin XCBuildConfiguration section */
		2994F31C234C3B04009CBBF2 /* Debug */ = {
			isa = XCBuildConfiguration;
			buildSettings = {
				ALWAYS_SEARCH_USER_PATHS = NO;
				CLANG_ANALYZER_NONNULL = YES;
				CLANG_ANALYZER_NUMBER_OBJECT_CONVERSION = YES_AGGRESSIVE;
				CLANG_CXX_LANGUAGE_STANDARD = "gnu++14";
				CLANG_CXX_LIBRARY = "libc++";
				CLANG_ENABLE_MODULES = YES;
				CLANG_ENABLE_OBJC_ARC = YES;
				CLANG_ENABLE_OBJC_WEAK = YES;
				CLANG_WARN_BLOCK_CAPTURE_AUTORELEASING = YES;
				CLANG_WARN_BOOL_CONVERSION = YES;
				CLANG_WARN_COMMA = YES;
				CLANG_WARN_CONSTANT_CONVERSION = YES;
				CLANG_WARN_DEPRECATED_OBJC_IMPLEMENTATIONS = YES;
				CLANG_WARN_DIRECT_OBJC_ISA_USAGE = YES_ERROR;
				CLANG_WARN_DOCUMENTATION_COMMENTS = YES;
				CLANG_WARN_EMPTY_BODY = YES;
				CLANG_WARN_ENUM_CONVERSION = YES;
				CLANG_WARN_INFINITE_RECURSION = YES;
				CLANG_WARN_INT_CONVERSION = YES;
				CLANG_WARN_NON_LITERAL_NULL_CONVERSION = YES;
				CLANG_WARN_OBJC_IMPLICIT_RETAIN_SELF = YES;
				CLANG_WARN_OBJC_LITERAL_CONVERSION = YES;
				CLANG_WARN_OBJC_ROOT_CLASS = YES_ERROR;
				CLANG_WARN_RANGE_LOOP_ANALYSIS = YES;
				CLANG_WARN_STRICT_PROTOTYPES = YES;
				CLANG_WARN_SUSPICIOUS_MOVE = YES;
				CLANG_WARN_UNGUARDED_AVAILABILITY = YES_AGGRESSIVE;
				CLANG_WARN_UNREACHABLE_CODE = YES;
				CLANG_WARN__DUPLICATE_METHOD_MATCH = YES;
				COPY_PHASE_STRIP = NO;
				DEBUG_INFORMATION_FORMAT = dwarf;
				ENABLE_STRICT_OBJC_MSGSEND = YES;
				ENABLE_TESTABILITY = YES;
				GCC_C_LANGUAGE_STANDARD = gnu11;
				GCC_DYNAMIC_NO_PIC = NO;
				GCC_NO_COMMON_BLOCKS = YES;
				GCC_OPTIMIZATION_LEVEL = 0;
				GCC_PREPROCESSOR_DEFINITIONS = (
					"DEBUG=1",
					"$(inherited)",
				);
				GCC_WARN_64_TO_32_BIT_CONVERSION = YES;
				GCC_WARN_ABOUT_RETURN_TYPE = YES_ERROR;
				GCC_WARN_UNDECLARED_SELECTOR = YES;
				GCC_WARN_UNINITIALIZED_AUTOS = YES_AGGRESSIVE;
				GCC_WARN_UNUSED_FUNCTION = YES;
				GCC_WARN_UNUSED_VARIABLE = YES;
				IPHONEOS_DEPLOYMENT_TARGET = 13.0;
				MTL_ENABLE_DEBUG_INFO = INCLUDE_SOURCE;
				MTL_FAST_MATH = YES;
				ONLY_ACTIVE_ARCH = YES;
				SDKROOT = iphoneos;
				SWIFT_ACTIVE_COMPILATION_CONDITIONS = DEBUG;
				SWIFT_OPTIMIZATION_LEVEL = "-Onone";
			};
			name = Debug;
		};
		2994F31D234C3B04009CBBF2 /* Release */ = {
			isa = XCBuildConfiguration;
			buildSettings = {
				ALWAYS_SEARCH_USER_PATHS = NO;
				CLANG_ANALYZER_NONNULL = YES;
				CLANG_ANALYZER_NUMBER_OBJECT_CONVERSION = YES_AGGRESSIVE;
				CLANG_CXX_LANGUAGE_STANDARD = "gnu++14";
				CLANG_CXX_LIBRARY = "libc++";
				CLANG_ENABLE_MODULES = YES;
				CLANG_ENABLE_OBJC_ARC = YES;
				CLANG_ENABLE_OBJC_WEAK = YES;
				CLANG_WARN_BLOCK_CAPTURE_AUTORELEASING = YES;
				CLANG_WARN_BOOL_CONVERSION = YES;
				CLANG_WARN_COMMA = YES;
				CLANG_WARN_CONSTANT_CONVERSION = YES;
				CLANG_WARN_DEPRECATED_OBJC_IMPLEMENTATIONS = YES;
				CLANG_WARN_DIRECT_OBJC_ISA_USAGE = YES_ERROR;
				CLANG_WARN_DOCUMENTATION_COMMENTS = YES;
				CLANG_WARN_EMPTY_BODY = YES;
				CLANG_WARN_ENUM_CONVERSION = YES;
				CLANG_WARN_INFINITE_RECURSION = YES;
				CLANG_WARN_INT_CONVERSION = YES;
				CLANG_WARN_NON_LITERAL_NULL_CONVERSION = YES;
				CLANG_WARN_OBJC_IMPLICIT_RETAIN_SELF = YES;
				CLANG_WARN_OBJC_LITERAL_CONVERSION = YES;
				CLANG_WARN_OBJC_ROOT_CLASS = YES_ERROR;
				CLANG_WARN_RANGE_LOOP_ANALYSIS = YES;
				CLANG_WARN_STRICT_PROTOTYPES = YES;
				CLANG_WARN_SUSPICIOUS_MOVE = YES;
				CLANG_WARN_UNGUARDED_AVAILABILITY = YES_AGGRESSIVE;
				CLANG_WARN_UNREACHABLE_CODE = YES;
				CLANG_WARN__DUPLICATE_METHOD_MATCH = YES;
				COPY_PHASE_STRIP = NO;
				DEBUG_INFORMATION_FORMAT = "dwarf-with-dsym";
				ENABLE_NS_ASSERTIONS = NO;
				ENABLE_STRICT_OBJC_MSGSEND = YES;
				GCC_C_LANGUAGE_STANDARD = gnu11;
				GCC_NO_COMMON_BLOCKS = YES;
				GCC_WARN_64_TO_32_BIT_CONVERSION = YES;
				GCC_WARN_ABOUT_RETURN_TYPE = YES_ERROR;
				GCC_WARN_UNDECLARED_SELECTOR = YES;
				GCC_WARN_UNINITIALIZED_AUTOS = YES_AGGRESSIVE;
				GCC_WARN_UNUSED_FUNCTION = YES;
				GCC_WARN_UNUSED_VARIABLE = YES;
				IPHONEOS_DEPLOYMENT_TARGET = 13.0;
				MTL_ENABLE_DEBUG_INFO = NO;
				MTL_FAST_MATH = YES;
				SDKROOT = iphoneos;
				SWIFT_COMPILATION_MODE = wholemodule;
				SWIFT_OPTIMIZATION_LEVEL = "-O";
				VALIDATE_PRODUCT = YES;
			};
			name = Release;
		};
		2994F31F234C3B04009CBBF2 /* Debug */ = {
			isa = XCBuildConfiguration;
			baseConfigurationReference = 99C31584FE6978ED9390905D /* Pods-ShareStory.debug.xcconfig */;
			buildSettings = {
				ASSETCATALOG_COMPILER_APPICON_NAME = AppIcon;
				CODE_SIGN_STYLE = Automatic;
				DEVELOPMENT_TEAM = 45572G9RT8;
				INFOPLIST_FILE = ShareStory/Info.plist;
				IPHONEOS_DEPLOYMENT_TARGET = 13.0;
				LD_RUNPATH_SEARCH_PATHS = (
					"$(inherited)",
					"@executable_path/Frameworks",
				);
				PRODUCT_BUNDLE_IDENTIFIER = bccfilkom.ShareStory;
				PRODUCT_NAME = "$(TARGET_NAME)";
				SWIFT_VERSION = 5.0;
				TARGETED_DEVICE_FAMILY = "1,2";
			};
			name = Debug;
		};
		2994F320234C3B04009CBBF2 /* Release */ = {
			isa = XCBuildConfiguration;
			baseConfigurationReference = 3718A352D644BF34BA561DC5 /* Pods-ShareStory.release.xcconfig */;
			buildSettings = {
				ASSETCATALOG_COMPILER_APPICON_NAME = AppIcon;
				CODE_SIGN_STYLE = Automatic;
				DEVELOPMENT_TEAM = 45572G9RT8;
				INFOPLIST_FILE = ShareStory/Info.plist;
				IPHONEOS_DEPLOYMENT_TARGET = 13.0;
				LD_RUNPATH_SEARCH_PATHS = (
					"$(inherited)",
					"@executable_path/Frameworks",
				);
				PRODUCT_BUNDLE_IDENTIFIER = bccfilkom.ShareStory;
				PRODUCT_NAME = "$(TARGET_NAME)";
				SWIFT_VERSION = 5.0;
				TARGETED_DEVICE_FAMILY = "1,2";
			};
			name = Release;
		};
		2994F322234C3B04009CBBF2 /* Debug */ = {
			isa = XCBuildConfiguration;
			baseConfigurationReference = 740B2DEC8ACCACA73B47047D /* Pods-ShareStoryTests.debug.xcconfig */;
			buildSettings = {
				ALWAYS_EMBED_SWIFT_STANDARD_LIBRARIES = YES;
				BUNDLE_LOADER = "$(TEST_HOST)";
				CODE_SIGN_STYLE = Automatic;
				INFOPLIST_FILE = ShareStoryTests/Info.plist;
				IPHONEOS_DEPLOYMENT_TARGET = 13.0;
				LD_RUNPATH_SEARCH_PATHS = (
					"$(inherited)",
					"@executable_path/Frameworks",
					"@loader_path/Frameworks",
				);
				PRODUCT_BUNDLE_IDENTIFIER = bccfilkom.ShareStoryTests;
				PRODUCT_NAME = "$(TARGET_NAME)";
				SWIFT_VERSION = 5.0;
				TARGETED_DEVICE_FAMILY = "1,2";
				TEST_HOST = "$(BUILT_PRODUCTS_DIR)/ShareStory.app/ShareStory";
			};
			name = Debug;
		};
		2994F323234C3B04009CBBF2 /* Release */ = {
			isa = XCBuildConfiguration;
			baseConfigurationReference = 3BBBB8DA54789D3D6DCD0985 /* Pods-ShareStoryTests.release.xcconfig */;
			buildSettings = {
				ALWAYS_EMBED_SWIFT_STANDARD_LIBRARIES = YES;
				BUNDLE_LOADER = "$(TEST_HOST)";
				CODE_SIGN_STYLE = Automatic;
				INFOPLIST_FILE = ShareStoryTests/Info.plist;
				IPHONEOS_DEPLOYMENT_TARGET = 13.0;
				LD_RUNPATH_SEARCH_PATHS = (
					"$(inherited)",
					"@executable_path/Frameworks",
					"@loader_path/Frameworks",
				);
				PRODUCT_BUNDLE_IDENTIFIER = bccfilkom.ShareStoryTests;
				PRODUCT_NAME = "$(TARGET_NAME)";
				SWIFT_VERSION = 5.0;
				TARGETED_DEVICE_FAMILY = "1,2";
				TEST_HOST = "$(BUILT_PRODUCTS_DIR)/ShareStory.app/ShareStory";
			};
			name = Release;
		};
/* End XCBuildConfiguration section */

/* Begin XCConfigurationList section */
		2994F2F5234C3B03009CBBF2 /* Build configuration list for PBXProject "ShareStory" */ = {
			isa = XCConfigurationList;
			buildConfigurations = (
				2994F31C234C3B04009CBBF2 /* Debug */,
				2994F31D234C3B04009CBBF2 /* Release */,
			);
			defaultConfigurationIsVisible = 0;
			defaultConfigurationName = Release;
		};
		2994F31E234C3B04009CBBF2 /* Build configuration list for PBXNativeTarget "ShareStory" */ = {
			isa = XCConfigurationList;
			buildConfigurations = (
				2994F31F234C3B04009CBBF2 /* Debug */,
				2994F320234C3B04009CBBF2 /* Release */,
			);
			defaultConfigurationIsVisible = 0;
			defaultConfigurationName = Release;
		};
		2994F321234C3B04009CBBF2 /* Build configuration list for PBXNativeTarget "ShareStoryTests" */ = {
			isa = XCConfigurationList;
			buildConfigurations = (
				2994F322234C3B04009CBBF2 /* Debug */,
				2994F323234C3B04009CBBF2 /* Release */,
			);
			defaultConfigurationIsVisible = 0;
			defaultConfigurationName = Release;
		};
/* End XCConfigurationList section */

/* Begin XCVersionGroup section */
		2994F308234C3B03009CBBF2 /* ShareStory.xcdatamodeld */ = {
			isa = XCVersionGroup;
			children = (
				2994F309234C3B03009CBBF2 /* ShareStory.xcdatamodel */,
			);
			currentVersion = 2994F309234C3B03009CBBF2 /* ShareStory.xcdatamodel */;
			path = ShareStory.xcdatamodeld;
			sourceTree = "<group>";
			versionGroupType = wrapper.xcdatamodel;
		};
/* End XCVersionGroup section */
	};
	rootObject = 2994F2F2234C3B03009CBBF2 /* Project object */;
}
